{
  "name": "javascript",
  "version": "1.0.0",
  "lockfileVersion": 1,
  "requires": true,
  "dependencies": {
    "@qcom.io/qcom": {
      "version": "1.0.1",
      "resolved": "https://registry.npmjs.org/@qcom.io/qcom/-/qcom-1.0.1.tgz",
      "integrity": "sha512-GC/Ytqgr57DLAtq1G6CpwqNZgQVWYfusVput3a7jcMptTsjGPPKhKwIlppwTSBSlP6XQlTtJ+Vu9r7etIL4fDw=="
    }
  }
}
